
Microsoft Visual Studio Solution File, Format Version 12.00
# Visual Studio 15
VisualStudioVersion = 15.0.26730.8
MinimumVisualStudioVersion = 10.0.40219.1
Project("{FAE04EC0-301F-11D3-BF4B-00C04F79EFBC}") = "TractorDex.UI", "TractorDex.UI\TractorDex.UI.csproj", "{A58A44BE-4351-45D9-BF39-34AD10AE4604}"
EndProject
Project("{FAE04EC0-301F-11D3-BF4B-00C04F79EFBC}") = "TractorDex.BLL", "TractorDex.BLL\TractorDex.BLL.csproj", "{2A28EF60-3CB4-4AD6-940F-120A8CEDA63B}"
EndProject
Project("{FAE04EC0-301F-11D3-BF4B-00C04F79EFBC}") = "TractorDex.Tests", "TractorDex.Tests\TractorDex.Tests.csproj", "{7C580FA0-DD0F-49EE-B154-AB48BB97FF72}"
EndProject
Global
	GlobalSection(SolutionConfigurationPlatforms) = preSolution
		Debug|Any CPU = Debug|Any CPU
		Release|Any CPU = Release|Any CPU
	EndGlobalSection
	GlobalSection(ProjectConfigurationPlatforms) = postSolution
		{A58A44BE-4351-45D9-BF39-34AD10AE4604}.Debug|Any CPU.ActiveCfg = Debug|Any CPU
		{A58A44BE-4351-45D9-BF39-34AD10AE4604}.Debug|Any CPU.Build.0 = Debug|Any CPU
		{A58A44BE-4351-45D9-BF39-34AD10AE4604}.Release|Any CPU.ActiveCfg = Release|Any CPU
		{A58A44BE-4351-45D9-BF39-34AD10AE4604}.Release|Any CPU.Build.0 = Release|Any CPU
		{2A28EF60-3CB4-4AD6-940F-120A8CEDA63B}.Debug|Any CPU.ActiveCfg = Debug|Any CPU
		{2A28EF60-3CB4-4AD6-940F-120A8CEDA63B}.Debug|Any CPU.Build.0 = Debug|Any CPU
		{2A28EF60-3CB4-4AD6-940F-120A8CEDA63B}.Release|Any CPU.ActiveCfg = Release|Any CPU
		{2A28EF60-3CB4-4AD6-940F-120A8CEDA63B}.Release|Any CPU.Build.0 = Release|Any CPU
		{7C580FA0-DD0F-49EE-B154-AB48BB97FF72}.Debug|Any CPU.ActiveCfg = Debug|Any CPU
		{7C580FA0-DD0F-49EE-B154-AB48BB97FF72}.Debug|Any CPU.Build.0 = Debug|Any CPU
		{7C580FA0-DD0F-49EE-B154-AB48BB97FF72}.Release|Any CPU.ActiveCfg = Release|Any CPU
		{7C580FA0-DD0F-49EE-B154-AB48BB97FF72}.Release|Any CPU.Build.0 = Release|Any CPU
	EndGlobalSection
	GlobalSection(SolutionProperties) = preSolution
		HideSolutionNode = FALSE
	EndGlobalSection
	GlobalSection(ExtensibilityGlobals) = postSolution
		SolutionGuid = {8EA43275-6C66-493B-B8DF-B897B0FF047E}
	EndGlobalSection
EndGlobal
