
Microsoft Visual Studio Solution File, Format Version 12.00
# Visual Studio 15
VisualStudioVersion = 15.0.26730.8
MinimumVisualStudioVersion = 10.0.40219.1
Project("{FAE04EC0-301F-11D3-BF4B-00C04F79EFBC}") = "HelloGuild", "HelloGuild\HelloGuild.csproj", "{0A9704E3-015A-4775-9393-180B89ED1CBF}"
EndProject
Global
	GlobalSection(SolutionConfigurationPlatforms) = preSolution
		Debug|Any CPU = Debug|Any CPU
		Release|Any CPU = Release|Any CPU
	EndGlobalSection
	GlobalSection(ProjectConfigurationPlatforms) = postSolution
		{0A9704E3-015A-4775-9393-180B89ED1CBF}.Debug|Any CPU.ActiveCfg = Debug|Any CPU
		{0A9704E3-015A-4775-9393-180B89ED1CBF}.Debug|Any CPU.Build.0 = Debug|Any CPU
		{0A9704E3-015A-4775-9393-180B89ED1CBF}.Release|Any CPU.ActiveCfg = Release|Any CPU
		{0A9704E3-015A-4775-9393-180B89ED1CBF}.Release|Any CPU.Build.0 = Release|Any CPU
	EndGlobalSection
	GlobalSection(SolutionProperties) = preSolution
		HideSolutionNode = FALSE
	EndGlobalSection
	GlobalSection(ExtensibilityGlobals) = postSolution
		SolutionGuid = {25F3BE05-3860-4B6E-A5D9-863D393D4B8E}
	EndGlobalSection
EndGlobal
