
Microsoft Visual Studio Solution File, Format Version 12.00
# Visual Studio 15
VisualStudioVersion = 15.0.26730.8
MinimumVisualStudioVersion = 10.0.40219.1
Project("{FAE04EC0-301F-11D3-BF4B-00C04F79EFBC}") = "EmployeeManagement", "EmployeeManagement\EmployeeManagement.csproj", "{27DE6AA1-16E6-4ED9-9912-CA9F65F4C15F}"
EndProject
Global
	GlobalSection(SolutionConfigurationPlatforms) = preSolution
		Debug|Any CPU = Debug|Any CPU
		Release|Any CPU = Release|Any CPU
	EndGlobalSection
	GlobalSection(ProjectConfigurationPlatforms) = postSolution
		{27DE6AA1-16E6-4ED9-9912-CA9F65F4C15F}.Debug|Any CPU.ActiveCfg = Debug|Any CPU
		{27DE6AA1-16E6-4ED9-9912-CA9F65F4C15F}.Debug|Any CPU.Build.0 = Debug|Any CPU
		{27DE6AA1-16E6-4ED9-9912-CA9F65F4C15F}.Release|Any CPU.ActiveCfg = Release|Any CPU
		{27DE6AA1-16E6-4ED9-9912-CA9F65F4C15F}.Release|Any CPU.Build.0 = Release|Any CPU
	EndGlobalSection
	GlobalSection(SolutionProperties) = preSolution
		HideSolutionNode = FALSE
	EndGlobalSection
	GlobalSection(ExtensibilityGlobals) = postSolution
		SolutionGuid = {28AFAF65-0025-4DE6-AAA4-0B8B760B872E}
	EndGlobalSection
EndGlobal
