
Microsoft Visual Studio Solution File, Format Version 12.00
# Visual Studio 15
VisualStudioVersion = 15.0.26730.8
MinimumVisualStudioVersion = 10.0.40219.1
Project("{FAE04EC0-301F-11D3-BF4B-00C04F79EFBC}") = "SG.ConsoleUtilities.BLL", "SG.ConsoleUtilities.BLL\SG.ConsoleUtilities.BLL.csproj", "{77AB609E-D76D-4C4D-8F6B-C0DC74DE1ADD}"
EndProject
Project("{FAE04EC0-301F-11D3-BF4B-00C04F79EFBC}") = "SG.ConsoleUtilities.UI", "SG.ConsoleUtilities.UI\SG.ConsoleUtilities.UI.csproj", "{DA7D1DEE-7617-4256-B3A9-6045B44FE51F}"
EndProject
Global
	GlobalSection(SolutionConfigurationPlatforms) = preSolution
		Debug|Any CPU = Debug|Any CPU
		Release|Any CPU = Release|Any CPU
	EndGlobalSection
	GlobalSection(ProjectConfigurationPlatforms) = postSolution
		{77AB609E-D76D-4C4D-8F6B-C0DC74DE1ADD}.Debug|Any CPU.ActiveCfg = Debug|Any CPU
		{77AB609E-D76D-4C4D-8F6B-C0DC74DE1ADD}.Debug|Any CPU.Build.0 = Debug|Any CPU
		{77AB609E-D76D-4C4D-8F6B-C0DC74DE1ADD}.Release|Any CPU.ActiveCfg = Release|Any CPU
		{77AB609E-D76D-4C4D-8F6B-C0DC74DE1ADD}.Release|Any CPU.Build.0 = Release|Any CPU
		{DA7D1DEE-7617-4256-B3A9-6045B44FE51F}.Debug|Any CPU.ActiveCfg = Debug|Any CPU
		{DA7D1DEE-7617-4256-B3A9-6045B44FE51F}.Debug|Any CPU.Build.0 = Debug|Any CPU
		{DA7D1DEE-7617-4256-B3A9-6045B44FE51F}.Release|Any CPU.ActiveCfg = Release|Any CPU
		{DA7D1DEE-7617-4256-B3A9-6045B44FE51F}.Release|Any CPU.Build.0 = Release|Any CPU
	EndGlobalSection
	GlobalSection(SolutionProperties) = preSolution
		HideSolutionNode = FALSE
	EndGlobalSection
	GlobalSection(ExtensibilityGlobals) = postSolution
		SolutionGuid = {374DFC4F-67B5-476E-A0A6-E33516CC0239}
	EndGlobalSection
EndGlobal
