
Microsoft Visual Studio Solution File, Format Version 12.00
# Visual Studio 15
VisualStudioVersion = 15.0.26730.8
MinimumVisualStudioVersion = 10.0.40219.1
Project("{FAE04EC0-301F-11D3-BF4B-00C04F79EFBC}") = "TipCalculator", "TipCalculator\TipCalculator.csproj", "{122A31FD-3F30-4663-8F79-3428786EFDBC}"
EndProject
Global
	GlobalSection(SolutionConfigurationPlatforms) = preSolution
		Debug|Any CPU = Debug|Any CPU
		Release|Any CPU = Release|Any CPU
	EndGlobalSection
	GlobalSection(ProjectConfigurationPlatforms) = postSolution
		{122A31FD-3F30-4663-8F79-3428786EFDBC}.Debug|Any CPU.ActiveCfg = Debug|Any CPU
		{122A31FD-3F30-4663-8F79-3428786EFDBC}.Debug|Any CPU.Build.0 = Debug|Any CPU
		{122A31FD-3F30-4663-8F79-3428786EFDBC}.Release|Any CPU.ActiveCfg = Release|Any CPU
		{122A31FD-3F30-4663-8F79-3428786EFDBC}.Release|Any CPU.Build.0 = Release|Any CPU
	EndGlobalSection
	GlobalSection(SolutionProperties) = preSolution
		HideSolutionNode = FALSE
	EndGlobalSection
	GlobalSection(ExtensibilityGlobals) = postSolution
		SolutionGuid = {95573D9A-F94D-430C-9F11-0B0C08BE6020}
	EndGlobalSection
EndGlobal
